
Microsoft Visual Studio Solution File, Format Version 12.00
# Visual Studio Version 16
VisualStudioVersion = 16.0.31019.35
MinimumVisualStudioVersion = 10.0.40219.1
Project("{9A19103F-16F7-4668-BE54-9A1E7A4F7556}") = "Singleton", "Singleton\Singleton.csproj", "{50F23209-7EA2-4D2D-BD0D-0C6876E84F96}"
EndProject
Project("{2150E333-8FDC-42A3-9474-1A3956D46DE8}") = "Creational", "Creational", "{93343563-E096-4C50-B985-FC132B554C75}"
EndProject
Project("{9A19103F-16F7-4668-BE54-9A1E7A4F7556}") = "MethodFactory", "MethodFactory\MethodFactory.csproj", "{2EEC9A38-772B-4937-BF88-119A40569FD9}"
EndProject
Project("{2150E333-8FDC-42A3-9474-1A3956D46DE8}") = "Stractural", "Stractural", "{38487EB2-7620-49EB-AED6-A2D030BF8F1D}"
EndProject
Project("{9A19103F-16F7-4668-BE54-9A1E7A4F7556}") = "Composite", "Composite\Composite.csproj", "{499F1674-6CF1-4053-8A1E-8FECC2460B04}"
EndProject
Project("{9A19103F-16F7-4668-BE54-9A1E7A4F7556}") = "Decorator2", "Decorator2\Decorator2.csproj", "{FC3BDE5F-E4A5-45EB-92C6-0FCED87FA72A}"
EndProject
Project("{9A19103F-16F7-4668-BE54-9A1E7A4F7556}") = "Proxy", "Proxy\Proxy.csproj", "{8777685F-2AC2-4067-A1DB-538BEB0679F8}"
EndProject
Project("{9A19103F-16F7-4668-BE54-9A1E7A4F7556}") = "Builder", "Builder\Builder.csproj", "{B03C0116-486B-4105-A906-996A5BF59763}"
EndProject
Project("{9A19103F-16F7-4668-BE54-9A1E7A4F7556}") = "Prototype", "Prototype\Prototype.csproj", "{CE6937C5-149A-4F5D-82CF-575242FFE063}"
EndProject
Project("{9A19103F-16F7-4668-BE54-9A1E7A4F7556}") = "Adapter", "Adapter\Adapter.csproj", "{1B74FB2B-2D68-42BE-9162-AA6BE4142651}"
EndProject
Project("{9A19103F-16F7-4668-BE54-9A1E7A4F7556}") = "Decorator", "Decorator\Decorator.csproj", "{EF166A06-4BAC-4A99-809A-41F52B8E3BB4}"
EndProject
Project("{2150E333-8FDC-42A3-9474-1A3956D46DE8}") = "Behavioral", "Behavioral", "{2B9550E0-3B95-4681-8653-7F6D7A00A893}"
EndProject
Project("{FAE04EC0-301F-11D3-BF4B-00C04F79EFBC}") = "Observer", "Observer\Observer.csproj", "{E725F0D3-E684-42BC-AA1C-C5F81CE91FA9}"
EndProject
Project("{FAE04EC0-301F-11D3-BF4B-00C04F79EFBC}") = "Memento", "Memento\Memento.csproj", "{AF0629CB-D021-4C92-88E3-BB03480198D0}"
EndProject
Global
	GlobalSection(SolutionConfigurationPlatforms) = preSolution
		Debug|Any CPU = Debug|Any CPU
		Release|Any CPU = Release|Any CPU
	EndGlobalSection
	GlobalSection(ProjectConfigurationPlatforms) = postSolution
		{50F23209-7EA2-4D2D-BD0D-0C6876E84F96}.Debug|Any CPU.ActiveCfg = Debug|Any CPU
		{50F23209-7EA2-4D2D-BD0D-0C6876E84F96}.Debug|Any CPU.Build.0 = Debug|Any CPU
		{50F23209-7EA2-4D2D-BD0D-0C6876E84F96}.Release|Any CPU.ActiveCfg = Release|Any CPU
		{50F23209-7EA2-4D2D-BD0D-0C6876E84F96}.Release|Any CPU.Build.0 = Release|Any CPU
		{2EEC9A38-772B-4937-BF88-119A40569FD9}.Debug|Any CPU.ActiveCfg = Debug|Any CPU
		{2EEC9A38-772B-4937-BF88-119A40569FD9}.Debug|Any CPU.Build.0 = Debug|Any CPU
		{2EEC9A38-772B-4937-BF88-119A40569FD9}.Release|Any CPU.ActiveCfg = Release|Any CPU
		{2EEC9A38-772B-4937-BF88-119A40569FD9}.Release|Any CPU.Build.0 = Release|Any CPU
		{499F1674-6CF1-4053-8A1E-8FECC2460B04}.Debug|Any CPU.ActiveCfg = Debug|Any CPU
		{499F1674-6CF1-4053-8A1E-8FECC2460B04}.Debug|Any CPU.Build.0 = Debug|Any CPU
		{499F1674-6CF1-4053-8A1E-8FECC2460B04}.Release|Any CPU.ActiveCfg = Release|Any CPU
		{499F1674-6CF1-4053-8A1E-8FECC2460B04}.Release|Any CPU.Build.0 = Release|Any CPU
		{FC3BDE5F-E4A5-45EB-92C6-0FCED87FA72A}.Debug|Any CPU.ActiveCfg = Debug|Any CPU
		{FC3BDE5F-E4A5-45EB-92C6-0FCED87FA72A}.Debug|Any CPU.Build.0 = Debug|Any CPU
		{FC3BDE5F-E4A5-45EB-92C6-0FCED87FA72A}.Release|Any CPU.ActiveCfg = Release|Any CPU
		{FC3BDE5F-E4A5-45EB-92C6-0FCED87FA72A}.Release|Any CPU.Build.0 = Release|Any CPU
		{8777685F-2AC2-4067-A1DB-538BEB0679F8}.Debug|Any CPU.ActiveCfg = Debug|Any CPU
		{8777685F-2AC2-4067-A1DB-538BEB0679F8}.Debug|Any CPU.Build.0 = Debug|Any CPU
		{8777685F-2AC2-4067-A1DB-538BEB0679F8}.Release|Any CPU.ActiveCfg = Release|Any CPU
		{8777685F-2AC2-4067-A1DB-538BEB0679F8}.Release|Any CPU.Build.0 = Release|Any CPU
		{B03C0116-486B-4105-A906-996A5BF59763}.Debug|Any CPU.ActiveCfg = Debug|Any CPU
		{B03C0116-486B-4105-A906-996A5BF59763}.Debug|Any CPU.Build.0 = Debug|Any CPU
		{B03C0116-486B-4105-A906-996A5BF59763}.Release|Any CPU.ActiveCfg = Release|Any CPU
		{B03C0116-486B-4105-A906-996A5BF59763}.Release|Any CPU.Build.0 = Release|Any CPU
		{CE6937C5-149A-4F5D-82CF-575242FFE063}.Debug|Any CPU.ActiveCfg = Debug|Any CPU
		{CE6937C5-149A-4F5D-82CF-575242FFE063}.Debug|Any CPU.Build.0 = Debug|Any CPU
		{CE6937C5-149A-4F5D-82CF-575242FFE063}.Release|Any CPU.ActiveCfg = Release|Any CPU
		{CE6937C5-149A-4F5D-82CF-575242FFE063}.Release|Any CPU.Build.0 = Release|Any CPU
		{1B74FB2B-2D68-42BE-9162-AA6BE4142651}.Debug|Any CPU.ActiveCfg = Debug|Any CPU
		{1B74FB2B-2D68-42BE-9162-AA6BE4142651}.Debug|Any CPU.Build.0 = Debug|Any CPU
		{1B74FB2B-2D68-42BE-9162-AA6BE4142651}.Release|Any CPU.ActiveCfg = Release|Any CPU
		{1B74FB2B-2D68-42BE-9162-AA6BE4142651}.Release|Any CPU.Build.0 = Release|Any CPU
		{EF166A06-4BAC-4A99-809A-41F52B8E3BB4}.Debug|Any CPU.ActiveCfg = Debug|Any CPU
		{EF166A06-4BAC-4A99-809A-41F52B8E3BB4}.Debug|Any CPU.Build.0 = Debug|Any CPU
		{EF166A06-4BAC-4A99-809A-41F52B8E3BB4}.Release|Any CPU.ActiveCfg = Release|Any CPU
		{EF166A06-4BAC-4A99-809A-41F52B8E3BB4}.Release|Any CPU.Build.0 = Release|Any CPU
		{E725F0D3-E684-42BC-AA1C-C5F81CE91FA9}.Debug|Any CPU.ActiveCfg = Debug|Any CPU
		{E725F0D3-E684-42BC-AA1C-C5F81CE91FA9}.Debug|Any CPU.Build.0 = Debug|Any CPU
		{E725F0D3-E684-42BC-AA1C-C5F81CE91FA9}.Release|Any CPU.ActiveCfg = Release|Any CPU
		{E725F0D3-E684-42BC-AA1C-C5F81CE91FA9}.Release|Any CPU.Build.0 = Release|Any CPU
		{AF0629CB-D021-4C92-88E3-BB03480198D0}.Debug|Any CPU.ActiveCfg = Debug|Any CPU
		{AF0629CB-D021-4C92-88E3-BB03480198D0}.Debug|Any CPU.Build.0 = Debug|Any CPU
		{AF0629CB-D021-4C92-88E3-BB03480198D0}.Release|Any CPU.ActiveCfg = Release|Any CPU
		{AF0629CB-D021-4C92-88E3-BB03480198D0}.Release|Any CPU.Build.0 = Release|Any CPU
	EndGlobalSection
	GlobalSection(SolutionProperties) = preSolution
		HideSolutionNode = FALSE
	EndGlobalSection
	GlobalSection(NestedProjects) = preSolution
		{50F23209-7EA2-4D2D-BD0D-0C6876E84F96} = {93343563-E096-4C50-B985-FC132B554C75}
		{2EEC9A38-772B-4937-BF88-119A40569FD9} = {93343563-E096-4C50-B985-FC132B554C75}
		{499F1674-6CF1-4053-8A1E-8FECC2460B04} = {38487EB2-7620-49EB-AED6-A2D030BF8F1D}
		{FC3BDE5F-E4A5-45EB-92C6-0FCED87FA72A} = {38487EB2-7620-49EB-AED6-A2D030BF8F1D}
		{8777685F-2AC2-4067-A1DB-538BEB0679F8} = {38487EB2-7620-49EB-AED6-A2D030BF8F1D}
		{B03C0116-486B-4105-A906-996A5BF59763} = {93343563-E096-4C50-B985-FC132B554C75}
		{CE6937C5-149A-4F5D-82CF-575242FFE063} = {93343563-E096-4C50-B985-FC132B554C75}
		{1B74FB2B-2D68-42BE-9162-AA6BE4142651} = {38487EB2-7620-49EB-AED6-A2D030BF8F1D}
		{EF166A06-4BAC-4A99-809A-41F52B8E3BB4} = {38487EB2-7620-49EB-AED6-A2D030BF8F1D}
		{E725F0D3-E684-42BC-AA1C-C5F81CE91FA9} = {2B9550E0-3B95-4681-8653-7F6D7A00A893}
		{AF0629CB-D021-4C92-88E3-BB03480198D0} = {2B9550E0-3B95-4681-8653-7F6D7A00A893}
	EndGlobalSection
	GlobalSection(ExtensibilityGlobals) = postSolution
		SolutionGuid = {C062CA1A-5C99-4C5C-92C5-92A70283E49D}
	EndGlobalSection
EndGlobal
